
Microsoft Visual Studio Solution File, Format Version 12.00
# Visual Studio Version 17
VisualStudioVersion = 17.0.31903.59
MinimumVisualStudioVersion = 10.0.40219.1
Project("{2150E333-8FDC-42A3-9474-1A3956D46DE8}") = "src", "src", "{827E0CD3-B72D-47B6-A68D-7590B98EB39B}"
EndProject
Project("{FAE04EC0-301F-11D3-BF4B-00C04F79EFBC}") = "SubastaYa.Domain", "src\SubastaYa.Domain\SubastaYa.Domain.csproj", "{35E4ED4B-3E11-48A4-853D-CC3DA4D3A732}"
EndProject
Project("{FAE04EC0-301F-11D3-BF4B-00C04F79EFBC}") = "SubastaYa.Infrastructure", "src\SubastaYa.Infrastructure\SubastaYa.Infrastructure.csproj", "{EBEE1FA0-3793-4F74-90C0-8BB2221F6053}"
EndProject
Project("{FAE04EC0-301F-11D3-BF4B-00C04F79EFBC}") = "SubastaYa.Api", "src\SubastaYa.Api\SubastaYa.Api.csproj", "{A6277971-2ED8-44B0-8685-C366A285860E}"
EndProject
Global
	GlobalSection(SolutionConfigurationPlatforms) = preSolution
		Debug|Any CPU = Debug|Any CPU
		Debug|x64 = Debug|x64
		Debug|x86 = Debug|x86
		Release|Any CPU = Release|Any CPU
		Release|x64 = Release|x64
		Release|x86 = Release|x86
	EndGlobalSection
	GlobalSection(ProjectConfigurationPlatforms) = postSolution
		{35E4ED4B-3E11-48A4-853D-CC3DA4D3A732}.Debug|Any CPU.ActiveCfg = Debug|Any CPU
		{35E4ED4B-3E11-48A4-853D-CC3DA4D3A732}.Debug|Any CPU.Build.0 = Debug|Any CPU
		{35E4ED4B-3E11-48A4-853D-CC3DA4D3A732}.Debug|x64.ActiveCfg = Debug|Any CPU
		{35E4ED4B-3E11-48A4-853D-CC3DA4D3A732}.Debug|x64.Build.0 = Debug|Any CPU
		{35E4ED4B-3E11-48A4-853D-CC3DA4D3A732}.Debug|x86.ActiveCfg = Debug|Any CPU
		{35E4ED4B-3E11-48A4-853D-CC3DA4D3A732}.Debug|x86.Build.0 = Debug|Any CPU
		{35E4ED4B-3E11-48A4-853D-CC3DA4D3A732}.Release|Any CPU.ActiveCfg = Release|Any CPU
		{35E4ED4B-3E11-48A4-853D-CC3DA4D3A732}.Release|Any CPU.Build.0 = Release|Any CPU
		{35E4ED4B-3E11-48A4-853D-CC3DA4D3A732}.Release|x64.ActiveCfg = Release|Any CPU
		{35E4ED4B-3E11-48A4-853D-CC3DA4D3A732}.Release|x64.Build.0 = Release|Any CPU
		{35E4ED4B-3E11-48A4-853D-CC3DA4D3A732}.Release|x86.ActiveCfg = Release|Any CPU
		{35E4ED4B-3E11-48A4-853D-CC3DA4D3A732}.Release|x86.Build.0 = Release|Any CPU
		{EBEE1FA0-3793-4F74-90C0-8BB2221F6053}.Debug|Any CPU.ActiveCfg = Debug|Any CPU
		{EBEE1FA0-3793-4F74-90C0-8BB2221F6053}.Debug|Any CPU.Build.0 = Debug|Any CPU
		{EBEE1FA0-3793-4F74-90C0-8BB2221F6053}.Debug|x64.ActiveCfg = Debug|Any CPU
		{EBEE1FA0-3793-4F74-90C0-8BB2221F6053}.Debug|x64.Build.0 = Debug|Any CPU
		{EBEE1FA0-3793-4F74-90C0-8BB2221F6053}.Debug|x86.ActiveCfg = Debug|Any CPU
		{EBEE1FA0-3793-4F74-90C0-8BB2221F6053}.Debug|x86.Build.0 = Debug|Any CPU
		{EBEE1FA0-3793-4F74-90C0-8BB2221F6053}.Release|Any CPU.ActiveCfg = Release|Any CPU
		{EBEE1FA0-3793-4F74-90C0-8BB2221F6053}.Release|Any CPU.Build.0 = Release|Any CPU
		{EBEE1FA0-3793-4F74-90C0-8BB2221F6053}.Release|x64.ActiveCfg = Release|Any CPU
		{EBEE1FA0-3793-4F74-90C0-8BB2221F6053}.Release|x64.Build.0 = Release|Any CPU
		{EBEE1FA0-3793-4F74-90C0-8BB2221F6053}.Release|x86.ActiveCfg = Release|Any CPU
		{EBEE1FA0-3793-4F74-90C0-8BB2221F6053}.Release|x86.Build.0 = Release|Any CPU
		{A6277971-2ED8-44B0-8685-C366A285860E}.Debug|Any CPU.ActiveCfg = Debug|Any CPU
		{A6277971-2ED8-44B0-8685-C366A285860E}.Debug|Any CPU.Build.0 = Debug|Any CPU
		{A6277971-2ED8-44B0-8685-C366A285860E}.Debug|x64.ActiveCfg = Debug|Any CPU
		{A6277971-2ED8-44B0-8685-C366A285860E}.Debug|x64.Build.0 = Debug|Any CPU
		{A6277971-2ED8-44B0-8685-C366A285860E}.Debug|x86.ActiveCfg = Debug|Any CPU
		{A6277971-2ED8-44B0-8685-C366A285860E}.Debug|x86.Build.0 = Debug|Any CPU
		{A6277971-2ED8-44B0-8685-C366A285860E}.Release|Any CPU.ActiveCfg = Release|Any CPU
		{A6277971-2ED8-44B0-8685-C366A285860E}.Release|Any CPU.Build.0 = Release|Any CPU
		{A6277971-2ED8-44B0-8685-C366A285860E}.Release|x64.ActiveCfg = Release|Any CPU
		{A6277971-2ED8-44B0-8685-C366A285860E}.Release|x64.Build.0 = Release|Any CPU
		{A6277971-2ED8-44B0-8685-C366A285860E}.Release|x86.ActiveCfg = Release|Any CPU
		{A6277971-2ED8-44B0-8685-C366A285860E}.Release|x86.Build.0 = Release|Any CPU
	EndGlobalSection
	GlobalSection(SolutionProperties) = preSolution
		HideSolutionNode = FALSE
	EndGlobalSection
	GlobalSection(NestedProjects) = preSolution
		{35E4ED4B-3E11-48A4-853D-CC3DA4D3A732} = {827E0CD3-B72D-47B6-A68D-7590B98EB39B}
		{EBEE1FA0-3793-4F74-90C0-8BB2221F6053} = {827E0CD3-B72D-47B6-A68D-7590B98EB39B}
		{A6277971-2ED8-44B0-8685-C366A285860E} = {827E0CD3-B72D-47B6-A68D-7590B98EB39B}
	EndGlobalSection
EndGlobal
